PODS:
  - KeychainAccess (3.2.0)
  - MidtransCoreKit (1.15.4)
  - MidtransKit (1.15.4):
    - MidtransCoreKit (= 1.15.4)
    - MidtransKit/UI (= 1.15.4)
  - MidtransKit/UI (1.15.4):
    - MidtransCoreKit (= 1.15.4)
  - MRProgress (0.8.3):
    - MRProgress/ActivityIndicator (= 0.8.3)
    - MRProgress/Blur (= 0.8.3)
    - MRProgress/Circular (= 0.8.3)
    - MRProgress/Icons (= 0.8.3)
    - MRProgress/NavigationBarProgress (= 0.8.3)
    - MRProgress/Overlay (= 0.8.3)
  - MRProgress/ActivityIndicator (0.8.3):
    - MRProgress/Stopable
  - MRProgress/Blur (0.8.3):
    - MRProgress/Helper
  - MRProgress/Circular (0.8.3):
    - MRProgress/Helper
    - MRProgress/ProgressBaseClass
    - MRProgress/Stopable
  - MRProgress/Helper (0.8.3)
  - MRProgress/Icons (0.8.3)
  - MRProgress/NavigationBarProgress (0.8.3):
    - MRProgress/ProgressBaseClass
  - MRProgress/Overlay (0.8.3):
    - MRProgress/ActivityIndicator
    - MRProgress/Blur
    - MRProgress/Circular
    - MRProgress/Helper
    - MRProgress/Icons
  - MRProgress/ProgressBaseClass (0.8.3)
  - MRProgress/Stopable (0.8.3):
    - MRProgress/Helper
  - RBBAnimation (0.4.0)
  - SDCAlertView (2.5.3):
    - RBBAnimation (~> 0.3)
    - SDCAutoLayout (~> 2.0)
  - SDCAutoLayout (2.0.3)
  - SwiftLint (0.32.0)

DEPENDENCIES:
  - KeychainAccess (~> 3.1)
  - MidtransKit (= 1.15.4)
  - MRProgress (~> 0.8)
  - SDCAlertView (= 2.5.3)
  - SwiftLint (~> 0.27)

SPEC REPOS:
  https://github.com/CocoaPods/Specs.git:
    - KeychainAccess
    - MidtransCoreKit
    - MidtransKit
    - MRProgress
    - RBBAnimation
    - SDCAlertView
    - SDCAutoLayout
    - SwiftLint

SPEC CHECKSUMS:
  KeychainAccess: 3b1bf8a77eb4c6ea1ce9404c292e48f948954c6b
  MidtransCoreKit: e94026826d7bfbb03f29fe7cfdf4208aad6093f5
  MidtransKit: 255b70500e24fde7aed899f65e2d9db55da7dfd1
  MRProgress: 16de7cc9f347e8846797a770db102a323fe7ef09
  RBBAnimation: 4b2d66f6d993febce63cd564da934985313b9c59
  SDCAlertView: 7554e4e7ce1adbefbcc7374e7bae237dad32a8d8
  SDCAutoLayout: e6885bb39ab8e2ec2ff84d158f38035f025f7420
  SwiftLint: 009a898ef2a1c851f45e1b59349bf6ff2ddc990d

PODFILE CHECKSUM: 26e55df8a76b5c50081e8b3aae3e5e4e66d5bdb3

COCOAPODS: 1.11.2
